
Microsoft Visual Studio Solution File, Format Version 12.00
# Visual Studio Version 16
VisualStudioVersion = 16.0.31205.134
MinimumVisualStudioVersion = 10.0.40219.1
Project("{2150E333-8FDC-42A3-9474-1A3956D46DE8}") = "Services", "Services", "{18589C39-9CBD-4012-88F7-842A4A25B8FB}"
EndProject
Project("{2150E333-8FDC-42A3-9474-1A3956D46DE8}") = "Catalog", "Catalog", "{2FD445BC-9E6D-432E-97F1-089F20E4A9FE}"
EndProject
Project("{9A19103F-16F7-4668-BE54-9A1E7A4F7556}") = "FreeCourse.Services.Catalog", "Services\Catalog\FreeCourse.Services.Catalog\FreeCourse.Services.Catalog.csproj", "{5C67CBC8-B43D-40E8-AB64-EF7D70C31E0F}"
EndProject
Project("{2150E333-8FDC-42A3-9474-1A3956D46DE8}") = "Solution Items", "Solution Items", "{946107A9-8B10-4061-A49E-56F782B33CD8}"
	ProjectSection(SolutionItems) = preProject
		Ports.txt = Ports.txt
	EndProjectSection
EndProject
Project("{2150E333-8FDC-42A3-9474-1A3956D46DE8}") = "Shared", "Shared", "{A8AFEBAB-F5BC-4C9F-936E-CB006A326EC1}"
EndProject
Project("{9A19103F-16F7-4668-BE54-9A1E7A4F7556}") = "FreeCourse.Shared", "Shared\FreeCourse.Shared\FreeCourse.Shared.csproj", "{2B1A36D1-EB8E-46EB-BEC7-1A2E88F55D0A}"
EndProject
Project("{2150E333-8FDC-42A3-9474-1A3956D46DE8}") = "IdentityServer", "IdentityServer", "{B502D7C3-F542-4637-ACD0-A5812614B760}"
EndProject
Project("{9A19103F-16F7-4668-BE54-9A1E7A4F7556}") = "FreeCourse.IdentityServer", "IdentityServer\FreeCourse.IdentityServer\FreeCourse.IdentityServer.csproj", "{BCF68CBB-F555-4A32-83EE-3DCCFD89D08F}"
EndProject
Project("{2150E333-8FDC-42A3-9474-1A3956D46DE8}") = "PhotoStock", "PhotoStock", "{A223906E-9106-4E18-8FCD-4119573B479F}"
EndProject
Project("{9A19103F-16F7-4668-BE54-9A1E7A4F7556}") = "FreeCourse.Services.PhotoStock", "Services\PhotoStock\FreeCourse.Services.PhotoStock\FreeCourse.Services.PhotoStock.csproj", "{CD935BD3-A02D-42BC-AB9B-78FE70505054}"
EndProject
Project("{2150E333-8FDC-42A3-9474-1A3956D46DE8}") = "Basket", "Basket", "{CE956210-427E-4FC8-BAE4-316A42F5577A}"
EndProject
Project("{9A19103F-16F7-4668-BE54-9A1E7A4F7556}") = "FreeCourse.Services.Basket", "Services\Basket\FreeCourse.Services.Basket\FreeCourse.Services.Basket.csproj", "{58502FAE-64E9-48E4-8525-BCA5700268AC}"
EndProject
Project("{2150E333-8FDC-42A3-9474-1A3956D46DE8}") = "Discount", "Discount", "{C1C2CD93-E7C9-479A-AC99-559BC9AAB9F8}"
EndProject
Project("{9A19103F-16F7-4668-BE54-9A1E7A4F7556}") = "FreeCourse.Services.Discount", "Services\Discount\FreeCourse.Services.Discount\FreeCourse.Services.Discount.csproj", "{46164D25-AB39-4FCF-BF86-57CEB8E17A57}"
EndProject
Project("{2150E333-8FDC-42A3-9474-1A3956D46DE8}") = "Order", "Order", "{A692F84D-E559-44B9-9BDD-C3291F8D1AB9}"
EndProject
Project("{9A19103F-16F7-4668-BE54-9A1E7A4F7556}") = "FreeCourse.Services.Order.API", "Services\Order\FreeCourse.Services.Order.API\FreeCourse.Services.Order.API.csproj", "{B689E1A9-EEAA-4AAA-B69C-CC45901BDFAA}"
EndProject
Project("{9A19103F-16F7-4668-BE54-9A1E7A4F7556}") = "FreeCourse.Services.Order.Application", "Services\Order\FreeCourse.Services.Order.Application\FreeCourse.Services.Order.Application.csproj", "{2568DD80-4279-4D4C-86FA-3F4B4B7835DD}"
EndProject
Project("{9A19103F-16F7-4668-BE54-9A1E7A4F7556}") = "FreeCourse.Services.Order.Domain", "Services\Order\FreeCourse.Services.Order.Domain\FreeCourse.Services.Order.Domain.csproj", "{0ADF2C6B-B6B1-46B5-BA32-DD6444520D86}"
EndProject
Project("{9A19103F-16F7-4668-BE54-9A1E7A4F7556}") = "FreeCourse.Services.Order.Domain.Core", "Services\Order\FreeCourse.Services.Order.Domain.Core\FreeCourse.Services.Order.Domain.Core.csproj", "{7774B2D1-8C3B-4C0A-9253-05C998A91B3E}"
EndProject
Project("{9A19103F-16F7-4668-BE54-9A1E7A4F7556}") = "FreeCourse.Services.Order.Infrastructure", "Services\Order\FreeCourse.Services.Order.Infrastructure\FreeCourse.Services.Order.Infrastructure.csproj", "{51F8E413-C03B-43FE-B4EE-8DEE401FB388}"
EndProject
Project("{2150E333-8FDC-42A3-9474-1A3956D46DE8}") = "FakePayment", "FakePayment", "{8C1198EE-068C-4A99-A11E-03F3EA519E29}"
EndProject
Project("{FAE04EC0-301F-11D3-BF4B-00C04F79EFBC}") = "FreeCourse.Services.FakePayment", "Services\FakePayment\FreeCourse.Services.FakePayment\FreeCourse.Services.FakePayment.csproj", "{B3D41F2F-FCD6-40CB-8E92-43854055123D}"
EndProject
Project("{2150E333-8FDC-42A3-9474-1A3956D46DE8}") = "Gateways", "Gateways", "{0F26C7F7-74B5-4945-8EEB-13A9B93D43BC}"
EndProject
Project("{FAE04EC0-301F-11D3-BF4B-00C04F79EFBC}") = "FreeCourse.Gateway", "Gateways\FreeCourse.Gateway\FreeCourse.Gateway.csproj", "{A912985E-F115-434F-B099-C18EB5B62542}"
EndProject
Project("{2150E333-8FDC-42A3-9474-1A3956D46DE8}") = "Frontends", "Frontends", "{8D185593-0DA1-43DD-AA0F-9E58A50E684F}"
EndProject
Project("{FAE04EC0-301F-11D3-BF4B-00C04F79EFBC}") = "FreeCourse.Web", "Frontends\FreeCourse.Web\FreeCourse.Web.csproj", "{B8019FCB-EBA9-4DF1-AA96-598938FC95CC}"
EndProject
Global
	GlobalSection(SolutionConfigurationPlatforms) = preSolution
		Debug|Any CPU = Debug|Any CPU
		Release|Any CPU = Release|Any CPU
	EndGlobalSection
	GlobalSection(ProjectConfigurationPlatforms) = postSolution
		{5C67CBC8-B43D-40E8-AB64-EF7D70C31E0F}.Debug|Any CPU.ActiveCfg = Debug|Any CPU
		{5C67CBC8-B43D-40E8-AB64-EF7D70C31E0F}.Debug|Any CPU.Build.0 = Debug|Any CPU
		{5C67CBC8-B43D-40E8-AB64-EF7D70C31E0F}.Release|Any CPU.ActiveCfg = Release|Any CPU
		{5C67CBC8-B43D-40E8-AB64-EF7D70C31E0F}.Release|Any CPU.Build.0 = Release|Any CPU
		{2B1A36D1-EB8E-46EB-BEC7-1A2E88F55D0A}.Debug|Any CPU.ActiveCfg = Debug|Any CPU
		{2B1A36D1-EB8E-46EB-BEC7-1A2E88F55D0A}.Debug|Any CPU.Build.0 = Debug|Any CPU
		{2B1A36D1-EB8E-46EB-BEC7-1A2E88F55D0A}.Release|Any CPU.ActiveCfg = Release|Any CPU
		{2B1A36D1-EB8E-46EB-BEC7-1A2E88F55D0A}.Release|Any CPU.Build.0 = Release|Any CPU
		{BCF68CBB-F555-4A32-83EE-3DCCFD89D08F}.Debug|Any CPU.ActiveCfg = Debug|Any CPU
		{BCF68CBB-F555-4A32-83EE-3DCCFD89D08F}.Debug|Any CPU.Build.0 = Debug|Any CPU
		{BCF68CBB-F555-4A32-83EE-3DCCFD89D08F}.Release|Any CPU.ActiveCfg = Release|Any CPU
		{BCF68CBB-F555-4A32-83EE-3DCCFD89D08F}.Release|Any CPU.Build.0 = Release|Any CPU
		{CD935BD3-A02D-42BC-AB9B-78FE70505054}.Debug|Any CPU.ActiveCfg = Debug|Any CPU
		{CD935BD3-A02D-42BC-AB9B-78FE70505054}.Debug|Any CPU.Build.0 = Debug|Any CPU
		{CD935BD3-A02D-42BC-AB9B-78FE70505054}.Release|Any CPU.ActiveCfg = Release|Any CPU
		{CD935BD3-A02D-42BC-AB9B-78FE70505054}.Release|Any CPU.Build.0 = Release|Any CPU
		{58502FAE-64E9-48E4-8525-BCA5700268AC}.Debug|Any CPU.ActiveCfg = Debug|Any CPU
		{58502FAE-64E9-48E4-8525-BCA5700268AC}.Debug|Any CPU.Build.0 = Debug|Any CPU
		{58502FAE-64E9-48E4-8525-BCA5700268AC}.Release|Any CPU.ActiveCfg = Release|Any CPU
		{58502FAE-64E9-48E4-8525-BCA5700268AC}.Release|Any CPU.Build.0 = Release|Any CPU
		{46164D25-AB39-4FCF-BF86-57CEB8E17A57}.Debug|Any CPU.ActiveCfg = Debug|Any CPU
		{46164D25-AB39-4FCF-BF86-57CEB8E17A57}.Debug|Any CPU.Build.0 = Debug|Any CPU
		{46164D25-AB39-4FCF-BF86-57CEB8E17A57}.Release|Any CPU.ActiveCfg = Release|Any CPU
		{46164D25-AB39-4FCF-BF86-57CEB8E17A57}.Release|Any CPU.Build.0 = Release|Any CPU
		{B689E1A9-EEAA-4AAA-B69C-CC45901BDFAA}.Debug|Any CPU.ActiveCfg = Debug|Any CPU
		{B689E1A9-EEAA-4AAA-B69C-CC45901BDFAA}.Debug|Any CPU.Build.0 = Debug|Any CPU
		{B689E1A9-EEAA-4AAA-B69C-CC45901BDFAA}.Release|Any CPU.ActiveCfg = Release|Any CPU
		{B689E1A9-EEAA-4AAA-B69C-CC45901BDFAA}.Release|Any CPU.Build.0 = Release|Any CPU
		{2568DD80-4279-4D4C-86FA-3F4B4B7835DD}.Debug|Any CPU.ActiveCfg = Debug|Any CPU
		{2568DD80-4279-4D4C-86FA-3F4B4B7835DD}.Debug|Any CPU.Build.0 = Debug|Any CPU
		{2568DD80-4279-4D4C-86FA-3F4B4B7835DD}.Release|Any CPU.ActiveCfg = Release|Any CPU
		{2568DD80-4279-4D4C-86FA-3F4B4B7835DD}.Release|Any CPU.Build.0 = Release|Any CPU
		{0ADF2C6B-B6B1-46B5-BA32-DD6444520D86}.Debug|Any CPU.ActiveCfg = Debug|Any CPU
		{0ADF2C6B-B6B1-46B5-BA32-DD6444520D86}.Debug|Any CPU.Build.0 = Debug|Any CPU
		{0ADF2C6B-B6B1-46B5-BA32-DD6444520D86}.Release|Any CPU.ActiveCfg = Release|Any CPU
		{0ADF2C6B-B6B1-46B5-BA32-DD6444520D86}.Release|Any CPU.Build.0 = Release|Any CPU
		{7774B2D1-8C3B-4C0A-9253-05C998A91B3E}.Debug|Any CPU.ActiveCfg = Debug|Any CPU
		{7774B2D1-8C3B-4C0A-9253-05C998A91B3E}.Debug|Any CPU.Build.0 = Debug|Any CPU
		{7774B2D1-8C3B-4C0A-9253-05C998A91B3E}.Release|Any CPU.ActiveCfg = Release|Any CPU
		{7774B2D1-8C3B-4C0A-9253-05C998A91B3E}.Release|Any CPU.Build.0 = Release|Any CPU
		{51F8E413-C03B-43FE-B4EE-8DEE401FB388}.Debug|Any CPU.ActiveCfg = Debug|Any CPU
		{51F8E413-C03B-43FE-B4EE-8DEE401FB388}.Debug|Any CPU.Build.0 = Debug|Any CPU
		{51F8E413-C03B-43FE-B4EE-8DEE401FB388}.Release|Any CPU.ActiveCfg = Release|Any CPU
		{51F8E413-C03B-43FE-B4EE-8DEE401FB388}.Release|Any CPU.Build.0 = Release|Any CPU
		{B3D41F2F-FCD6-40CB-8E92-43854055123D}.Debug|Any CPU.ActiveCfg = Debug|Any CPU
		{B3D41F2F-FCD6-40CB-8E92-43854055123D}.Debug|Any CPU.Build.0 = Debug|Any CPU
		{B3D41F2F-FCD6-40CB-8E92-43854055123D}.Release|Any CPU.ActiveCfg = Release|Any CPU
		{B3D41F2F-FCD6-40CB-8E92-43854055123D}.Release|Any CPU.Build.0 = Release|Any CPU
		{A912985E-F115-434F-B099-C18EB5B62542}.Debug|Any CPU.ActiveCfg = Debug|Any CPU
		{A912985E-F115-434F-B099-C18EB5B62542}.Debug|Any CPU.Build.0 = Debug|Any CPU
		{A912985E-F115-434F-B099-C18EB5B62542}.Release|Any CPU.ActiveCfg = Release|Any CPU
		{A912985E-F115-434F-B099-C18EB5B62542}.Release|Any CPU.Build.0 = Release|Any CPU
		{B8019FCB-EBA9-4DF1-AA96-598938FC95CC}.Debug|Any CPU.ActiveCfg = Debug|Any CPU
		{B8019FCB-EBA9-4DF1-AA96-598938FC95CC}.Debug|Any CPU.Build.0 = Debug|Any CPU
		{B8019FCB-EBA9-4DF1-AA96-598938FC95CC}.Release|Any CPU.ActiveCfg = Release|Any CPU
		{B8019FCB-EBA9-4DF1-AA96-598938FC95CC}.Release|Any CPU.Build.0 = Release|Any CPU
	EndGlobalSection
	GlobalSection(SolutionProperties) = preSolution
		HideSolutionNode = FALSE
	EndGlobalSection
	GlobalSection(NestedProjects) = preSolution
		{2FD445BC-9E6D-432E-97F1-089F20E4A9FE} = {18589C39-9CBD-4012-88F7-842A4A25B8FB}
		{5C67CBC8-B43D-40E8-AB64-EF7D70C31E0F} = {2FD445BC-9E6D-432E-97F1-089F20E4A9FE}
		{2B1A36D1-EB8E-46EB-BEC7-1A2E88F55D0A} = {A8AFEBAB-F5BC-4C9F-936E-CB006A326EC1}
		{BCF68CBB-F555-4A32-83EE-3DCCFD89D08F} = {B502D7C3-F542-4637-ACD0-A5812614B760}
		{A223906E-9106-4E18-8FCD-4119573B479F} = {18589C39-9CBD-4012-88F7-842A4A25B8FB}
		{CD935BD3-A02D-42BC-AB9B-78FE70505054} = {A223906E-9106-4E18-8FCD-4119573B479F}
		{CE956210-427E-4FC8-BAE4-316A42F5577A} = {18589C39-9CBD-4012-88F7-842A4A25B8FB}
		{58502FAE-64E9-48E4-8525-BCA5700268AC} = {CE956210-427E-4FC8-BAE4-316A42F5577A}
		{C1C2CD93-E7C9-479A-AC99-559BC9AAB9F8} = {18589C39-9CBD-4012-88F7-842A4A25B8FB}
		{46164D25-AB39-4FCF-BF86-57CEB8E17A57} = {C1C2CD93-E7C9-479A-AC99-559BC9AAB9F8}
		{A692F84D-E559-44B9-9BDD-C3291F8D1AB9} = {18589C39-9CBD-4012-88F7-842A4A25B8FB}
		{B689E1A9-EEAA-4AAA-B69C-CC45901BDFAA} = {A692F84D-E559-44B9-9BDD-C3291F8D1AB9}
		{2568DD80-4279-4D4C-86FA-3F4B4B7835DD} = {A692F84D-E559-44B9-9BDD-C3291F8D1AB9}
		{0ADF2C6B-B6B1-46B5-BA32-DD6444520D86} = {A692F84D-E559-44B9-9BDD-C3291F8D1AB9}
		{7774B2D1-8C3B-4C0A-9253-05C998A91B3E} = {A692F84D-E559-44B9-9BDD-C3291F8D1AB9}
		{51F8E413-C03B-43FE-B4EE-8DEE401FB388} = {A692F84D-E559-44B9-9BDD-C3291F8D1AB9}
		{8C1198EE-068C-4A99-A11E-03F3EA519E29} = {18589C39-9CBD-4012-88F7-842A4A25B8FB}
		{B3D41F2F-FCD6-40CB-8E92-43854055123D} = {8C1198EE-068C-4A99-A11E-03F3EA519E29}
		{A912985E-F115-434F-B099-C18EB5B62542} = {0F26C7F7-74B5-4945-8EEB-13A9B93D43BC}
		{B8019FCB-EBA9-4DF1-AA96-598938FC95CC} = {8D185593-0DA1-43DD-AA0F-9E58A50E684F}
	EndGlobalSection
	GlobalSection(ExtensibilityGlobals) = postSolution
		SolutionGuid = {2205CC9E-F68E-46C7-9040-47EF0BC1C5B6}
	EndGlobalSection
EndGlobal
